{
  "version": 4,
  "terraform_version": "1.14.7",
  "serial": 1,
  "lineage": "cef7acde-1109-8581-0443-89ce01297ee3",
  "outputs": {
    "vpc_id": {
      "value": "vpc-05378763248be40d5",
      "type": "string"
    }
  },
  "resources": [
    {
      "mode": "managed",
      "type": "aws_vpc",
      "name": "this",
      "provider": "provider[\"registry.terraform.io/hashicorp/aws\"]",
      "instances": [
        {
          "schema_version": 1,
          "attributes": {
            "arn": "arn:aws:ec2:us-east-1:903146277540:vpc/vpc-05378763248be40d5",
            "assign_generated_ipv6_cidr_block": false,
            "cidr_block": "10.0.0.0/16",
            "default_network_acl_id": "acl-0b31d881ef5d8862c",
            "default_route_table_id": "rtb-00e8d9c312158b1cf",
            "default_security_group_id": "sg-0d65596909f067f4d",
            "dhcp_options_id": "dopt-0cd8007bd1e9f2ea7",
            "enable_dns_hostnames": false,
            "enable_dns_support": true,
            "enable_network_address_usage_metrics": false,
            "id": "vpc-05378763248be40d5",
            "instance_tenancy": "default",
            "ipv4_ipam_pool_id": null,
            "ipv4_netmask_length": null,
            "ipv6_association_id": "",
            "ipv6_cidr_block": "",
            "ipv6_cidr_block_network_border_group": "",
            "ipv6_ipam_pool_id": "",
            "ipv6_netmask_length": 0,
            "main_route_table_id": "rtb-00e8d9c312158b1cf",
            "owner_id": "903146277540",
            "region": "us-east-1",
            "tags": {
              "Name": "workshop-march-vpc-3"
            },
            "tags_all": {
              "Environment": "production",
              "Name": "workshop-march-vpc-3",
              "Project": "workshop-devops-na-nuvem"
            }
          },
          "sensitive_attributes": [],
          "identity_schema_version": 0,
          "identity": {
            "account_id": "903146277540",
            "id": "vpc-05378763248be40d5",
            "region": "us-east-1"
          },
          "private": "eyJzY2hlbWFfdmVyc2lvbiI6IjEifQ=="
        }
      ]
    }
  ],
  "check_results": null
}
